
Microsoft Visual Studio Solution File, Format Version 12.00
# Visual Studio 15
VisualStudioVersion = 15.0.28307.645
MinimumVisualStudioVersion = 10.0.40219.1
Project("{FAE04EC0-301F-11D3-BF4B-00C04F79EFBC}") = "Sticky Notes Clone", "Sticky Notes Clone\Sticky Notes Clone.csproj", "{567254BF-8844-4A70-9D8A-FAE1B252C9AE}"
EndProject
Global
	GlobalSection(SolutionConfigurationPlatforms) = preSolution
		Debug|Any CPU = Debug|Any CPU
		Release|Any CPU = Release|Any CPU
	EndGlobalSection
	GlobalSection(ProjectConfigurationPlatforms) = postSolution
		{567254BF-8844-4A70-9D8A-FAE1B252C9AE}.Debug|Any CPU.ActiveCfg = Debug|Any CPU
		{567254BF-8844-4A70-9D8A-FAE1B252C9AE}.Debug|Any CPU.Build.0 = Debug|Any CPU
		{567254BF-8844-4A70-9D8A-FAE1B252C9AE}.Release|Any CPU.ActiveCfg = Release|Any CPU
		{567254BF-8844-4A70-9D8A-FAE1B252C9AE}.Release|Any CPU.Build.0 = Release|Any CPU
	EndGlobalSection
	GlobalSection(SolutionProperties) = preSolution
		HideSolutionNode = FALSE
	EndGlobalSection
	GlobalSection(ExtensibilityGlobals) = postSolution
		SolutionGuid = {D609CB1A-03E2-42D4-A4CD-3BBEAB0A204A}
	EndGlobalSection
EndGlobal
